
Microsoft Visual Studio Solution File, Format Version 12.00
# Visual Studio Version 17
VisualStudioVersion = 17.0.31919.166
MinimumVisualStudioVersion = 10.0.40219.1
Project("{8BC9CEB8-8B4A-11D0-8D11-00A0C91BC942}") = "Calendar", "Calendar\Calendar.vcxproj", "{E26EB3C3-A7A6-4D68-BAC9-A1A43F2DE20D}"
EndProject
Global
	GlobalSection(SolutionConfigurationPlatforms) = preSolution
		Debug|x64 = Debug|x64
		Debug|x86 = Debug|x86
		Release|x64 = Release|x64
		Release|x86 = Release|x86
	EndGlobalSection
	GlobalSection(ProjectConfigurationPlatforms) = postSolution
		{E26EB3C3-A7A6-4D68-BAC9-A1A43F2DE20D}.Debug|x64.ActiveCfg = Debug|x64
		{E26EB3C3-A7A6-4D68-BAC9-A1A43F2DE20D}.Debug|x64.Build.0 = Debug|x64
		{E26EB3C3-A7A6-4D68-BAC9-A1A43F2DE20D}.Debug|x86.ActiveCfg = Debug|Win32
		{E26EB3C3-A7A6-4D68-BAC9-A1A43F2DE20D}.Debug|x86.Build.0 = Debug|Win32
		{E26EB3C3-A7A6-4D68-BAC9-A1A43F2DE20D}.Release|x64.ActiveCfg = Release|x64
		{E26EB3C3-A7A6-4D68-BAC9-A1A43F2DE20D}.Release|x64.Build.0 = Release|x64
		{E26EB3C3-A7A6-4D68-BAC9-A1A43F2DE20D}.Release|x86.ActiveCfg = Release|Win32
		{E26EB3C3-A7A6-4D68-BAC9-A1A43F2DE20D}.Release|x86.Build.0 = Release|Win32
	EndGlobalSection
	GlobalSection(SolutionProperties) = preSolution
		HideSolutionNode = FALSE
	EndGlobalSection
	GlobalSection(ExtensibilityGlobals) = postSolution
		SolutionGuid = {128B6354-EDA0-40E0-8EDE-34C171D30254}
	EndGlobalSection
EndGlobal
